// !$*UTF8*$!
{
	archiveVersion = 1;
	classes = {
	};
	objectVersion = 46;
	objects = {

/* Begin PBXBuildFile section */
		34D8B8081D8B464A003083F5 /* RecordButton.swift in Sources */ = {isa = PBXBuildFile; fileRef = 34D8B8071D8B464A003083F5 /* RecordButton.swift */; };
		6A519C27B5EFC0926D32B35E /* Pods_Soulcast.framework in Frameworks */ = {isa = PBXBuildFile; fileRef = A24A58CA47E57BD36FB67E59 /* Pods_Soulcast.framework */; };
		BD0078821D88865E0088939A /* NumberOfDevicesLabel.swift in Sources */ = {isa = PBXBuildFile; fileRef = BD0078811D88865E0088939A /* NumberOfDevicesLabel.swift */; };
		BD0078851D888FA80088939A /* RadiusExplainerView.swift in Sources */ = {isa = PBXBuildFile; fileRef = BD0078841D888FA80088939A /* RadiusExplainerView.swift */; };
		BD0DBF141D7CBA3B00FBBD17 /* MockingVC.swift in Sources */ = {isa = PBXBuildFile; fileRef = BD0DBF131D7CBA3B00FBBD17 /* MockingVC.swift */; };
		BD0DBF161D7CBB7300FBBD17 /* put.swift in Sources */ = {isa = PBXBuildFile; fileRef = BD0DBF151D7CBB7300FBBD17 /* put.swift */; };
		BD0DBF181D7CBD8A00FBBD17 /* DepressingButton.swift in Sources */ = {isa = PBXBuildFile; fileRef = BD0DBF171D7CBD8A00FBBD17 /* DepressingButton.swift */; };
		BD0DBF1B1D7CD9C700FBBD17 /* OnboardingVC.swift in Sources */ = {isa = PBXBuildFile; fileRef = BD0DBF1A1D7CD9C700FBBD17 /* OnboardingVC.swift */; };
		BD0DBF1D1D7CDA7700FBBD17 /* JKPageViewController.swift in Sources */ = {isa = PBXBuildFile; fileRef = BD0DBF1C1D7CDA7700FBBD17 /* JKPageViewController.swift */; };
		BD0DBF1F1D7CE51600FBBD17 /* PermissionVC.swift in Sources */ = {isa = PBXBuildFile; fileRef = BD0DBF1E1D7CE51600FBBD17 /* PermissionVC.swift */; };
		BD0DBF261D7E24C200FBBD17 /* LocationPermissionVC.swift in Sources */ = {isa = PBXBuildFile; fileRef = BD0DBF251D7E24C200FBBD17 /* LocationPermissionVC.swift */; };
		BD15511F1D74D1580093CA2F /* SoulQueue.swift in Sources */ = {isa = PBXBuildFile; fileRef = BD15511E1D74D1580093CA2F /* SoulQueue.swift */; };
		BD1551211D76118C0093CA2F /* SoulRecorderTests.swift in Sources */ = {isa = PBXBuildFile; fileRef = BD1551201D76118C0093CA2F /* SoulRecorderTests.swift */; };
		BD1551231D76119F0093CA2F /* SoulPlayerTests.swift in Sources */ = {isa = PBXBuildFile; fileRef = BD1551221D76119F0093CA2F /* SoulPlayerTests.swift */; };
		BD1551251D7611C30093CA2F /* SoulCasterTests.swift in Sources */ = {isa = PBXBuildFile; fileRef = BD1551241D7611C30093CA2F /* SoulCasterTests.swift */; };
		BD1551271D7611CE0093CA2F /* SoulCatcherTests.swift in Sources */ = {isa = PBXBuildFile; fileRef = BD1551261D7611CE0093CA2F /* SoulCatcherTests.swift */; };
		BD1551491D764B9D0093CA2F /* ServerFacade.swift in Sources */ = {isa = PBXBuildFile; fileRef = BD1551481D764B9D0093CA2F /* ServerFacade.swift */; };
		BD22B7C51DD7E65D0068532F /* ImproveButton.swift in Sources */ = {isa = PBXBuildFile; fileRef = BD22B7C41DD7E65D0068532F /* ImproveButton.swift */; };
		BD22E76D1DE1041600C79E33 /* PushHandler.swift in Sources */ = {isa = PBXBuildFile; fileRef = BD22E76C1DE1041600C79E33 /* PushHandler.swift */; };
		BD2BE1281DB948F600387190 /* PermissionController.swift in Sources */ = {isa = PBXBuildFile; fileRef = BD2BE1271DB948F600387190 /* PermissionController.swift */; };
		BD67CA321D83B3D40092ABF3 /* Receptionist.swift in Sources */ = {isa = PBXBuildFile; fileRef = BD67CA311D83B3D40092ABF3 /* Receptionist.swift */; };
		BD7D19BF1D8C5430008B563F /* ImproveVC.swift in Sources */ = {isa = PBXBuildFile; fileRef = BD7D19BE1D8C5430008B563F /* ImproveVC.swift */; };
		BDB5CC1A1DDED10100740EF4 /* HistoryVC.swift in Sources */ = {isa = PBXBuildFile; fileRef = BDB5CC191DDED10100740EF4 /* HistoryVC.swift */; };
		BDB5CC1C1DDED2F600740EF4 /* MainCoordinator.swift in Sources */ = {isa = PBXBuildFile; fileRef = BDB5CC1B1DDED2F600740EF4 /* MainCoordinator.swift */; };
		BDB8F48C1D6B938200E4C7E0 /* AppDelegate.swift in Sources */ = {isa = PBXBuildFile; fileRef = BDB8F48B1D6B938200E4C7E0 /* AppDelegate.swift */; };
		BDB8F4931D6B938200E4C7E0 /* Assets.xcassets in Resources */ = {isa = PBXBuildFile; fileRef = BDB8F4921D6B938200E4C7E0 /* Assets.xcassets */; };
		BDB8F4961D6B938200E4C7E0 /* LaunchScreen.storyboard in Resources */ = {isa = PBXBuildFile; fileRef = BDB8F4941D6B938200E4C7E0 /* LaunchScreen.storyboard */; };
		BDB8F49E1D6BA60300E4C7E0 /* MainVC.swift in Sources */ = {isa = PBXBuildFile; fileRef = BDB8F49D1D6BA60300E4C7E0 /* MainVC.swift */; };
		BDB8F4A01D6BA6B400E4C7E0 /* SoulTests.swift in Sources */ = {isa = PBXBuildFile; fileRef = BDB8F49F1D6BA6B400E4C7E0 /* SoulTests.swift */; };
		BDB8F4A51D6BA7D100E4C7E0 /* MapVC.swift in Sources */ = {isa = PBXBuildFile; fileRef = BDB8F4A41D6BA7D100E4C7E0 /* MapVC.swift */; };
		BDB8F4A91D6BA7E000E4C7E0 /* DeviceManager.swift in Sources */ = {isa = PBXBuildFile; fileRef = BDB8F4A71D6BA7E000E4C7E0 /* DeviceManager.swift */; };
		BDB8F4AA1D6BA7E000E4C7E0 /* Device.swift in Sources */ = {isa = PBXBuildFile; fileRef = BDB8F4A81D6BA7E000E4C7E0 /* Device.swift */; };
		BDB8F4AC1D6BA7E700E4C7E0 /* SoulConstants.swift in Sources */ = {isa = PBXBuildFile; fileRef = BDB8F4AB1D6BA7E700E4C7E0 /* SoulConstants.swift */; };
		BDB8F4B11D6BA80E00E4C7E0 /* SoulRecorder.swift in Sources */ = {isa = PBXBuildFile; fileRef = BDB8F4AF1D6BA80E00E4C7E0 /* SoulRecorder.swift */; };
		BDB8F4B21D6BA80E00E4C7E0 /* SoulPlayer.swift in Sources */ = {isa = PBXBuildFile; fileRef = BDB8F4B01D6BA80E00E4C7E0 /* SoulPlayer.swift */; };
		BDB8F4B41D6BA82700E4C7E0 /* SwiftJK.swift in Sources */ = {isa = PBXBuildFile; fileRef = BDB8F4B31D6BA82700E4C7E0 /* SwiftJK.swift */; };
		BDB8F4B61D6BA8DA00E4C7E0 /* Soul.swift in Sources */ = {isa = PBXBuildFile; fileRef = BDB8F4B51D6BA8DA00E4C7E0 /* Soul.swift */; };
		BDB8F4BB1D6BB0B600E4C7E0 /* SoulCaster.swift in Sources */ = {isa = PBXBuildFile; fileRef = BDB8F4BA1D6BB0B600E4C7E0 /* SoulCaster.swift */; };
		BDB8F4BD1D6BB0BB00E4C7E0 /* SoulCatcher.swift in Sources */ = {isa = PBXBuildFile; fileRef = BDB8F4BC1D6BB0BB00E4C7E0 /* SoulCatcher.swift */; };
		BDB8F4BF1D6BB4DC00E4C7E0 /* OutgoingVC.swift in Sources */ = {isa = PBXBuildFile; fileRef = BDB8F4BE1D6BB4DC00E4C7E0 /* OutgoingVC.swift */; };
		BDCE02B51DB2CD8F00D3D0CF /* EulaVC.swift in Sources */ = {isa = PBXBuildFile; fileRef = BDCE02B41DB2CD8F00D3D0CF /* EulaVC.swift */; };
		BDCE02B71DB2E47F00D3D0CF /* eula.txt in Resources */ = {isa = PBXBuildFile; fileRef = BDCE02B61DB2E47F00D3D0CF /* eula.txt */; };
		BDD072F21DE10807008EDF4E /* LaunchHelper.swift in Sources */ = {isa = PBXBuildFile; fileRef = BDD072F11DE10807008EDF4E /* LaunchHelper.swift */; };
		BDD072F51DE112BD008EDF4E /* HistoryDataSource.swift in Sources */ = {isa = PBXBuildFile; fileRef = BDD072F41DE112BD008EDF4E /* HistoryDataSource.swift */; };
		BDF478CE1D826EE3004F6CAA /* IncomingCollectionVC.swift in Sources */ = {isa = PBXBuildFile; fileRef = BDF478CA1D826EE3004F6CAA /* IncomingCollectionVC.swift */; };
		BDF478CF1D826EE3004F6CAA /* IncomingCollectionFlowLayout.swift in Sources */ = {isa = PBXBuildFile; fileRef = BDF478CB1D826EE3004F6CAA /* IncomingCollectionFlowLayout.swift */; };
		BDF478D01D826EE3004F6CAA /* IncomingCollectionCell.swift in Sources */ = {isa = PBXBuildFile; fileRef = BDF478CC1D826EE3004F6CAA /* IncomingCollectionCell.swift */; };
		BDF478D11D826EE3004F6CAA /* IncomingQueue.swift in Sources */ = {isa = PBXBuildFile; fileRef = BDF478CD1D826EE3004F6CAA /* IncomingQueue.swift */; };
		BDF478D31D826F3C004F6CAA /* TimeAgo.swift in Sources */ = {isa = PBXBuildFile; fileRef = BDF478D21D826F3C004F6CAA /* TimeAgo.swift */; };
		BDF478D51D836E61004F6CAA /* IntegrationTestButton.swift in Sources */ = {isa = PBXBuildFile; fileRef = BDF478D41D836E61004F6CAA /* IntegrationTestButton.swift */; };
/* End PBXBuildFile section */

/* Begin PBXFileReference section */
		34D8B8071D8B464A003083F5 /* RecordButton.swift */ = {isa = PBXFileReference; fileEncoding = 4; lastKnownFileType = sourcecode.swift; path = RecordButton.swift; sourceTree = "<group>"; };
		603494C3AA1D964B0DE8F762 /* Pods-Soulcast.release.xcconfig */ = {isa = PBXFileReference; includeInIndex = 1; lastKnownFileType = text.xcconfig; name = "Pods-Soulcast.release.xcconfig"; path = "Pods/Target Support Files/Pods-Soulcast/Pods-Soulcast.release.xcconfig"; sourceTree = "<group>"; };
		91C980E6402B4D4FFB23ED92 /* Pods-Soulcast.debug.xcconfig */ = {isa = PBXFileReference; includeInIndex = 1; lastKnownFileType = text.xcconfig; name = "Pods-Soulcast.debug.xcconfig"; path = "Pods/Target Support Files/Pods-Soulcast/Pods-Soulcast.debug.xcconfig"; sourceTree = "<group>"; };
		A24A58CA47E57BD36FB67E59 /* Pods_Soulcast.framework */ = {isa = PBXFileReference; explicitFileType = wrapper.framework; includeInIndex = 0; path = Pods_Soulcast.framework; sourceTree = BUILT_PRODUCTS_DIR; };
		BD0078811D88865E0088939A /* NumberOfDevicesLabel.swift */ = {isa = PBXFileReference; fileEncoding = 4; lastKnownFileType = sourcecode.swift; path = NumberOfDevicesLabel.swift; sourceTree = "<group>"; };
		BD0078841D888FA80088939A /* RadiusExplainerView.swift */ = {isa = PBXFileReference; fileEncoding = 4; lastKnownFileType = sourcecode.swift; path = RadiusExplainerView.swift; sourceTree = "<group>"; };
		BD04C5641DB000B400DBAD2C /* Soulcast.entitlements */ = {isa = PBXFileReference; lastKnownFileType = text.plist.entitlements; path = Soulcast.entitlements; sourceTree = "<group>"; };
		BD0DBF131D7CBA3B00FBBD17 /* MockingVC.swift */ = {isa = PBXFileReference; fileEncoding = 4; lastKnownFileType = sourcecode.swift; path = MockingVC.swift; sourceTree = "<group>"; };
		BD0DBF151D7CBB7300FBBD17 /* put.swift */ = {isa = PBXFileReference; fileEncoding = 4; lastKnownFileType = sourcecode.swift; path = put.swift; sourceTree = "<group>"; };
		BD0DBF171D7CBD8A00FBBD17 /* DepressingButton.swift */ = {isa = PBXFileReference; fileEncoding = 4; lastKnownFileType = sourcecode.swift; path = DepressingButton.swift; sourceTree = "<group>"; };
		BD0DBF1A1D7CD9C700FBBD17 /* OnboardingVC.swift */ = {isa = PBXFileReference; fileEncoding = 4; lastKnownFileType = sourcecode.swift; path = OnboardingVC.swift; sourceTree = "<group>"; };
		BD0DBF1C1D7CDA7700FBBD17 /* JKPageViewController.swift */ = {isa = PBXFileReference; fileEncoding = 4; lastKnownFileType = sourcecode.swift; path = JKPageViewController.swift; sourceTree = "<group>"; };
		BD0DBF1E1D7CE51600FBBD17 /* PermissionVC.swift */ = {isa = PBXFileReference; fileEncoding = 4; lastKnownFileType = sourcecode.swift; path = PermissionVC.swift; sourceTree = "<group>"; };
		BD0DBF251D7E24C200FBBD17 /* LocationPermissionVC.swift */ = {isa = PBXFileReference; fileEncoding = 4; lastKnownFileType = sourcecode.swift; path = LocationPermissionVC.swift; sourceTree = "<group>"; };
		BD15511E1D74D1580093CA2F /* SoulQueue.swift */ = {isa = PBXFileReference; fileEncoding = 4; lastKnownFileType = sourcecode.swift; path = SoulQueue.swift; sourceTree = "<group>"; };
		BD1551201D76118C0093CA2F /* SoulRecorderTests.swift */ = {isa = PBXFileReference; fileEncoding = 4; lastKnownFileType = sourcecode.swift; path = SoulRecorderTests.swift; sourceTree = "<group>"; };
		BD1551221D76119F0093CA2F /* SoulPlayerTests.swift */ = {isa = PBXFileReference; fileEncoding = 4; lastKnownFileType = sourcecode.swift; path = SoulPlayerTests.swift; sourceTree = "<group>"; };
		BD1551241D7611C30093CA2F /* SoulCasterTests.swift */ = {isa = PBXFileReference; fileEncoding = 4; lastKnownFileType = sourcecode.swift; path = SoulCasterTests.swift; sourceTree = "<group>"; };
		BD1551261D7611CE0093CA2F /* SoulCatcherTests.swift */ = {isa = PBXFileReference; fileEncoding = 4; lastKnownFileType = sourcecode.swift; path = SoulCatcherTests.swift; sourceTree = "<group>"; };
		BD1551481D764B9D0093CA2F /* ServerFacade.swift */ = {isa = PBXFileReference; fileEncoding = 4; lastKnownFileType = sourcecode.swift; path = ServerFacade.swift; sourceTree = "<group>"; };
		BD22B7C41DD7E65D0068532F /* ImproveButton.swift */ = {isa = PBXFileReference; fileEncoding = 4; lastKnownFileType = sourcecode.swift; path = ImproveButton.swift; sourceTree = "<group>"; };
		BD22E76C1DE1041600C79E33 /* PushHandler.swift */ = {isa = PBXFileReference; fileEncoding = 4; lastKnownFileType = sourcecode.swift; path = PushHandler.swift; sourceTree = "<group>"; };
		BD2BE1271DB948F600387190 /* PermissionController.swift */ = {isa = PBXFileReference; fileEncoding = 4; lastKnownFileType = sourcecode.swift; path = PermissionController.swift; sourceTree = "<group>"; };
		BD67CA311D83B3D40092ABF3 /* Receptionist.swift */ = {isa = PBXFileReference; fileEncoding = 4; lastKnownFileType = sourcecode.swift; path = Receptionist.swift; sourceTree = "<group>"; };
		BD7D19BE1D8C5430008B563F /* ImproveVC.swift */ = {isa = PBXFileReference; fileEncoding = 4; lastKnownFileType = sourcecode.swift; path = ImproveVC.swift; sourceTree = "<group>"; };
		BDB5CC191DDED10100740EF4 /* HistoryVC.swift */ = {isa = PBXFileReference; fileEncoding = 4; lastKnownFileType = sourcecode.swift; path = HistoryVC.swift; sourceTree = "<group>"; };
		BDB5CC1B1DDED2F600740EF4 /* MainCoordinator.swift */ = {isa = PBXFileReference; fileEncoding = 4; lastKnownFileType = sourcecode.swift; path = MainCoordinator.swift; sourceTree = "<group>"; };
		BDB8F4881D6B938200E4C7E0 /* Soulcast.app */ = {isa = PBXFileReference; explicitFileType = wrapper.application; includeInIndex = 0; path = Soulcast.app; sourceTree = BUILT_PRODUCTS_DIR; };
		BDB8F48B1D6B938200E4C7E0 /* AppDelegate.swift */ = {isa = PBXFileReference; lastKnownFileType = sourcecode.swift; path = AppDelegate.swift; sourceTree = "<group>"; };
		BDB8F4921D6B938200E4C7E0 /* Assets.xcassets */ = {isa = PBXFileReference; lastKnownFileType = folder.assetcatalog; path = Assets.xcassets; sourceTree = "<group>"; };
		BDB8F4951D6B938200E4C7E0 /* Base */ = {isa = PBXFileReference; lastKnownFileType = file.storyboard; name = Base; path = Base.lproj/LaunchScreen.storyboard; sourceTree = "<group>"; };
		BDB8F4971D6B938200E4C7E0 /* Info.plist */ = {isa = PBXFileReference; lastKnownFileType = text.plist.xml; path = Info.plist; sourceTree = "<group>"; };
		BDB8F49D1D6BA60300E4C7E0 /* MainVC.swift */ = {isa = PBXFileReference; fileEncoding = 4; lastKnownFileType = sourcecode.swift; path = MainVC.swift; sourceTree = "<group>"; };
		BDB8F49F1D6BA6B400E4C7E0 /* SoulTests.swift */ = {isa = PBXFileReference; fileEncoding = 4; lastKnownFileType = sourcecode.swift; path = SoulTests.swift; sourceTree = "<group>"; };
		BDB8F4A41D6BA7D100E4C7E0 /* MapVC.swift */ = {isa = PBXFileReference; fileEncoding = 4; lastKnownFileType = sourcecode.swift; path = MapVC.swift; sourceTree = "<group>"; };
		BDB8F4A71D6BA7E000E4C7E0 /* DeviceManager.swift */ = {isa = PBXFileReference; fileEncoding = 4; lastKnownFileType = sourcecode.swift; path = DeviceManager.swift; sourceTree = "<group>"; };
		BDB8F4A81D6BA7E000E4C7E0 /* Device.swift */ = {isa = PBXFileReference; fileEncoding = 4; lastKnownFileType = sourcecode.swift; path = Device.swift; sourceTree = "<group>"; };
		BDB8F4AB1D6BA7E700E4C7E0 /* SoulConstants.swift */ = {isa = PBXFileReference; fileEncoding = 4; lastKnownFileType = sourcecode.swift; path = SoulConstants.swift; sourceTree = "<group>"; };
		BDB8F4AF1D6BA80E00E4C7E0 /* SoulRecorder.swift */ = {isa = PBXFileReference; fileEncoding = 4; lastKnownFileType = sourcecode.swift; path = SoulRecorder.swift; sourceTree = "<group>"; };
		BDB8F4B01D6BA80E00E4C7E0 /* SoulPlayer.swift */ = {isa = PBXFileReference; fileEncoding = 4; lastKnownFileType = sourcecode.swift; path = SoulPlayer.swift; sourceTree = "<group>"; };
		BDB8F4B31D6BA82700E4C7E0 /* SwiftJK.swift */ = {isa = PBXFileReference; fileEncoding = 4; lastKnownFileType = sourcecode.swift; path = SwiftJK.swift; sourceTree = "<group>"; };
		BDB8F4B51D6BA8DA00E4C7E0 /* Soul.swift */ = {isa = PBXFileReference; fileEncoding = 4; lastKnownFileType = sourcecode.swift; path = Soul.swift; sourceTree = "<group>"; };
		BDB8F4BA1D6BB0B600E4C7E0 /* SoulCaster.swift */ = {isa = PBXFileReference; fileEncoding = 4; lastKnownFileType = sourcecode.swift; path = SoulCaster.swift; sourceTree = "<group>"; };
		BDB8F4BC1D6BB0BB00E4C7E0 /* SoulCatcher.swift */ = {isa = PBXFileReference; fileEncoding = 4; lastKnownFileType = sourcecode.swift; path = SoulCatcher.swift; sourceTree = "<group>"; };
		BDB8F4BE1D6BB4DC00E4C7E0 /* OutgoingVC.swift */ = {isa = PBXFileReference; fileEncoding = 4; lastKnownFileType = sourcecode.swift; path = OutgoingVC.swift; sourceTree = "<group>"; };
		BDCE02B41DB2CD8F00D3D0CF /* EulaVC.swift */ = {isa = PBXFileReference; fileEncoding = 4; lastKnownFileType = sourcecode.swift; path = EulaVC.swift; sourceTree = "<group>"; };
		BDCE02B61DB2E47F00D3D0CF /* eula.txt */ = {isa = PBXFileReference; fileEncoding = 4; lastKnownFileType = text; path = eula.txt; sourceTree = "<group>"; };
		BDD072F11DE10807008EDF4E /* LaunchHelper.swift */ = {isa = PBXFileReference; fileEncoding = 4; lastKnownFileType = sourcecode.swift; path = LaunchHelper.swift; sourceTree = "<group>"; };
		BDD072F41DE112BD008EDF4E /* HistoryDataSource.swift */ = {isa = PBXFileReference; fileEncoding = 4; lastKnownFileType = sourcecode.swift; path = HistoryDataSource.swift; sourceTree = "<group>"; };
		BDF478CA1D826EE3004F6CAA /* IncomingCollectionVC.swift */ = {isa = PBXFileReference; fileEncoding = 4; lastKnownFileType = sourcecode.swift; path = IncomingCollectionVC.swift; sourceTree = "<group>"; };
		BDF478CB1D826EE3004F6CAA /* IncomingCollectionFlowLayout.swift */ = {isa = PBXFileReference; fileEncoding = 4; lastKnownFileType = sourcecode.swift; path = IncomingCollectionFlowLayout.swift; sourceTree = "<group>"; };
		BDF478CC1D826EE3004F6CAA /* IncomingCollectionCell.swift */ = {isa = PBXFileReference; fileEncoding = 4; lastKnownFileType = sourcecode.swift; path = IncomingCollectionCell.swift; sourceTree = "<group>"; };
		BDF478CD1D826EE3004F6CAA /* IncomingQueue.swift */ = {isa = PBXFileReference; fileEncoding = 4; lastKnownFileType = sourcecode.swift; path = IncomingQueue.swift; sourceTree = "<group>"; };
		BDF478D21D826F3C004F6CAA /* TimeAgo.swift */ = {isa = PBXFileReference; fileEncoding = 4; lastKnownFileType = sourcecode.swift; path = TimeAgo.swift; sourceTree = "<group>"; };
		BDF478D41D836E61004F6CAA /* IntegrationTestButton.swift */ = {isa = PBXFileReference; fileEncoding = 4; lastKnownFileType = sourcecode.swift; path = IntegrationTestButton.swift; sourceTree = "<group>"; };
/* End PBXFileReference section */

/* Begin PBXFrameworksBuildPhase section */
		BDB8F4851D6B938200E4C7E0 /* Frameworks */ = {
			isa = PBXFrameworksBuildPhase;
			buildActionMask = 2147483647;
			files = (
				6A519C27B5EFC0926D32B35E /* Pods_Soulcast.framework in Frameworks */,
			);
			runOnlyForDeploymentPostprocessing = 0;
		};
/* End PBXFrameworksBuildPhase section */

/* Begin PBXGroup section */
		240B620F0BF0D31F1EC90F27 /* Frameworks */ = {
			isa = PBXGroup;
			children = (
				A24A58CA47E57BD36FB67E59 /* Pods_Soulcast.framework */,
			);
			name = Frameworks;
			sourceTree = "<group>";
		};
		2AFE0B2DD5953037D39FAB3B /* Pods */ = {
			isa = PBXGroup;
			children = (
				91C980E6402B4D4FFB23ED92 /* Pods-Soulcast.debug.xcconfig */,
				603494C3AA1D964B0DE8F762 /* Pods-Soulcast.release.xcconfig */,
			);
			name = Pods;
			sourceTree = "<group>";
		};
		BD0078831D888F930088939A /* Map */ = {
			isa = PBXGroup;
			children = (
				BDB8F4A41D6BA7D100E4C7E0 /* MapVC.swift */,
				BD0078811D88865E0088939A /* NumberOfDevicesLabel.swift */,
				BD0078841D888FA80088939A /* RadiusExplainerView.swift */,
			);
			name = Map;
			sourceTree = "<group>";
		};
		BD0DBF191D7CD80900FBBD17 /* Onboarding */ = {
			isa = PBXGroup;
			children = (
				BD0DBF1A1D7CD9C700FBBD17 /* OnboardingVC.swift */,
				BDCE02B41DB2CD8F00D3D0CF /* EulaVC.swift */,
				BDCE02B61DB2E47F00D3D0CF /* eula.txt */,
				BD0DBF201D7E249E00FBBD17 /* Permission */,
				BD0DBF1C1D7CDA7700FBBD17 /* JKPageViewController.swift */,
			);
			name = Onboarding;
			sourceTree = "<group>";
		};
		BD0DBF201D7E249E00FBBD17 /* Permission */ = {
			isa = PBXGroup;
			children = (
				BD0DBF1E1D7CE51600FBBD17 /* PermissionVC.swift */,
				BD2BE1271DB948F600387190 /* PermissionController.swift */,
				BD0DBF251D7E24C200FBBD17 /* LocationPermissionVC.swift */,
			);
			name = Permission;
			sourceTree = "<group>";
		};
		BD7D19BC1D8C51A4008B563F /* Outgoing */ = {
			isa = PBXGroup;
			children = (
				BDB8F4BE1D6BB4DC00E4C7E0 /* OutgoingVC.swift */,
				34D8B8071D8B464A003083F5 /* RecordButton.swift */,
			);
			name = Outgoing;
			sourceTree = "<group>";
		};
		BD7D19BD1D8C540F008B563F /* Improve */ = {
			isa = PBXGroup;
			children = (
				BD7D19BE1D8C5430008B563F /* ImproveVC.swift */,
				BD22B7C41DD7E65D0068532F /* ImproveButton.swift */,
			);
			name = Improve;
			sourceTree = "<group>";
		};
		BDB5CC181DDED0E300740EF4 /* History */ = {
			isa = PBXGroup;
			children = (
				BDB5CC191DDED10100740EF4 /* HistoryVC.swift */,
				BDD072F41DE112BD008EDF4E /* HistoryDataSource.swift */,
			);
			name = History;
			sourceTree = "<group>";
		};
		BDB8F47F1D6B938200E4C7E0 = {
			isa = PBXGroup;
			children = (
				BDB8F48A1D6B938200E4C7E0 /* Soulcast */,
				BDB8F4891D6B938200E4C7E0 /* Products */,
				2AFE0B2DD5953037D39FAB3B /* Pods */,
				240B620F0BF0D31F1EC90F27 /* Frameworks */,
			);
			sourceTree = "<group>";
		};
		BDB8F4891D6B938200E4C7E0 /* Products */ = {
			isa = PBXGroup;
			children = (
				BDB8F4881D6B938200E4C7E0 /* Soulcast.app */,
			);
			name = Products;
			sourceTree = "<group>";
		};
		BDB8F48A1D6B938200E4C7E0 /* Soulcast */ = {
			isa = PBXGroup;
			children = (
				BDB8F48B1D6B938200E4C7E0 /* AppDelegate.swift */,
				BDD072F11DE10807008EDF4E /* LaunchHelper.swift */,
				BDB8F4B51D6BA8DA00E4C7E0 /* Soul.swift */,
				BDB8F4A11D6BA79C00E4C7E0 /* UI */,
				BDB8F4B91D6BB0A200E4C7E0 /* Transmission */,
				BDB8F4A31D6BA7BF00E4C7E0 /* Audio */,
				BDB8F4A61D6BA7D600E4C7E0 /* Device */,
				BDB8F4A21D6BA7AF00E4C7E0 /* Tests */,
				BDB8F4B31D6BA82700E4C7E0 /* SwiftJK.swift */,
				BDB8F4921D6B938200E4C7E0 /* Assets.xcassets */,
				BDB8F4941D6B938200E4C7E0 /* LaunchScreen.storyboard */,
				BD04C5641DB000B400DBAD2C /* Soulcast.entitlements */,
				BDB8F4971D6B938200E4C7E0 /* Info.plist */,
			);
			path = Soulcast;
			sourceTree = "<group>";
		};
		BDB8F4A11D6BA79C00E4C7E0 /* UI */ = {
			isa = PBXGroup;
			children = (
				BDB5CC1B1DDED2F600740EF4 /* MainCoordinator.swift */,
				BDB8F49D1D6BA60300E4C7E0 /* MainVC.swift */,
				BD67CA311D83B3D40092ABF3 /* Receptionist.swift */,
				BD0DBF191D7CD80900FBBD17 /* Onboarding */,
				BDF478C91D826ECF004F6CAA /* Incoming */,
				BD0078831D888F930088939A /* Map */,
				BD7D19BC1D8C51A4008B563F /* Outgoing */,
				BD7D19BD1D8C540F008B563F /* Improve */,
				BDB5CC181DDED0E300740EF4 /* History */,
			);
			name = UI;
			sourceTree = "<group>";
		};
		BDB8F4A21D6BA7AF00E4C7E0 /* Tests */ = {
			isa = PBXGroup;
			children = (
				BD0DBF151D7CBB7300FBBD17 /* put.swift */,
				BD0DBF131D7CBA3B00FBBD17 /* MockingVC.swift */,
				BDF478D41D836E61004F6CAA /* IntegrationTestButton.swift */,
				BD0DBF171D7CBD8A00FBBD17 /* DepressingButton.swift */,
				BDB8F49F1D6BA6B400E4C7E0 /* SoulTests.swift */,
				BD1551201D76118C0093CA2F /* SoulRecorderTests.swift */,
				BD1551221D76119F0093CA2F /* SoulPlayerTests.swift */,
				BD1551241D7611C30093CA2F /* SoulCasterTests.swift */,
				BD1551261D7611CE0093CA2F /* SoulCatcherTests.swift */,
			);
			name = Tests;
			sourceTree = "<group>";
		};
		BDB8F4A31D6BA7BF00E4C7E0 /* Audio */ = {
			isa = PBXGroup;
			children = (
				BDB8F4AF1D6BA80E00E4C7E0 /* SoulRecorder.swift */,
				BDB8F4B01D6BA80E00E4C7E0 /* SoulPlayer.swift */,
			);
			name = Audio;
			sourceTree = "<group>";
		};
		BDB8F4A61D6BA7D600E4C7E0 /* Device */ = {
			isa = PBXGroup;
			children = (
				BDB8F4A71D6BA7E000E4C7E0 /* DeviceManager.swift */,
				BDB8F4A81D6BA7E000E4C7E0 /* Device.swift */,
			);
			name = Device;
			sourceTree = "<group>";
		};
		BDB8F4B91D6BB0A200E4C7E0 /* Transmission */ = {
			isa = PBXGroup;
			children = (
				BDB8F4AB1D6BA7E700E4C7E0 /* SoulConstants.swift */,
				BDB8F4BA1D6BB0B600E4C7E0 /* SoulCaster.swift */,
				BD1551481D764B9D0093CA2F /* ServerFacade.swift */,
				BDB8F4BC1D6BB0BB00E4C7E0 /* SoulCatcher.swift */,
				BD15511E1D74D1580093CA2F /* SoulQueue.swift */,
			);
			name = Transmission;
			sourceTree = "<group>";
		};
		BDD072F31DE108E1008EDF4E /* Push */ = {
			isa = PBXGroup;
			children = (
				BD22E76C1DE1041600C79E33 /* PushHandler.swift */,
			);
			name = Push;
			sourceTree = "<group>";
		};
		BDF478C91D826ECF004F6CAA /* Incoming */ = {
			isa = PBXGroup;
			children = (
				BDD072F31DE108E1008EDF4E /* Push */,
				BDF478D21D826F3C004F6CAA /* TimeAgo.swift */,
				BDF478CA1D826EE3004F6CAA /* IncomingCollectionVC.swift */,
				BDF478CB1D826EE3004F6CAA /* IncomingCollectionFlowLayout.swift */,
				BDF478CC1D826EE3004F6CAA /* IncomingCollectionCell.swift */,
				BDF478CD1D826EE3004F6CAA /* IncomingQueue.swift */,
			);
			name = Incoming;
			sourceTree = "<group>";
		};
/* End PBXGroup section */

/* Begin PBXNativeTarget section */
		BDB8F4871D6B938200E4C7E0 /* Soulcast */ = {
			isa = PBXNativeTarget;
			buildConfigurationList = BDB8F49A1D6B938200E4C7E0 /* Build configuration list for PBXNativeTarget "Soulcast" */;
			buildPhases = (
				711D6B94ECC12566CCB41DD9 /* [CP] Check Pods Manifest.lock */,
				BDB8F4841D6B938200E4C7E0 /* Sources */,
				BDB8F4851D6B938200E4C7E0 /* Frameworks */,
				BDB8F4861D6B938200E4C7E0 /* Resources */,
				D5D9A66464E38539993388A2 /* [CP] Embed Pods Frameworks */,
				C62191276F83F624F3D7F612 /* [CP] Copy Pods Resources */,
			);
			buildRules = (
			);
			dependencies = (
			);
			name = Soulcast;
			productName = Soulcast;
			productReference = BDB8F4881D6B938200E4C7E0 /* Soulcast.app */;
			productType = "com.apple.product-type.application";
		};
/* End PBXNativeTarget section */

/* Begin PBXProject section */
		BDB8F4801D6B938200E4C7E0 /* Project object */ = {
			isa = PBXProject;
			attributes = {
				LastSwiftUpdateCheck = 0730;
				LastUpgradeCheck = 0800;
				ORGANIZATIONNAME = "Soulcast-team";
				TargetAttributes = {
					BDB8F4871D6B938200E4C7E0 = {
						CreatedOnToolsVersion = 7.3.1;
						DevelopmentTeam = 59SVXWFZ98;
						ProvisioningStyle = Automatic;
						SystemCapabilities = {
							com.apple.Push = {
								enabled = 1;
							};
						};
					};
				};
			};
			buildConfigurationList = BDB8F4831D6B938200E4C7E0 /* Build configuration list for PBXProject "Soulcast" */;
			compatibilityVersion = "Xcode 3.2";
			developmentRegion = English;
			hasScannedForEncodings = 0;
			knownRegions = (
				en,
				Base,
			);
			mainGroup = BDB8F47F1D6B938200E4C7E0;
			productRefGroup = BDB8F4891D6B938200E4C7E0 /* Products */;
			projectDirPath = "";
			projectRoot = "";
			targets = (
				BDB8F4871D6B938200E4C7E0 /* Soulcast */,
			);
		};
/* End PBXProject section */

/* Begin PBXResourcesBuildPhase section */
		BDB8F4861D6B938200E4C7E0 /* Resources */ = {
			isa = PBXResourcesBuildPhase;
			buildActionMask = 2147483647;
			files = (
				BDB8F4961D6B938200E4C7E0 /* LaunchScreen.storyboard in Resources */,
				BDCE02B71DB2E47F00D3D0CF /* eula.txt in Resources */,
				BDB8F4931D6B938200E4C7E0 /* Assets.xcassets in Resources */,
			);
			runOnlyForDeploymentPostprocessing = 0;
		};
/* End PBXResourcesBuildPhase section */

/* Begin PBXShellScriptBuildPhase section */
		711D6B94ECC12566CCB41DD9 /* [CP] Check Pods Manifest.lock */ = {
			isa = PBXShellScriptBuildPhase;
			buildActionMask = 2147483647;
			files = (
			);
			inputPaths = (
			);
			name = "[CP] Check Pods Manifest.lock";
			outputPaths = (
			);
			runOnlyForDeploymentPostprocessing = 0;
			shellPath = /bin/sh;
			shellScript = "diff \"${PODS_ROOT}/../Podfile.lock\" \"${PODS_ROOT}/Manifest.lock\" > /dev/null\nif [ $? != 0 ] ; then\n    # print error to STDERR\n    echo \"error: The sandbox is not in sync with the Podfile.lock. Run 'pod install' or update your CocoaPods installation.\" >&2\n    exit 1\nfi\n";
			showEnvVarsInLog = 0;
		};
		C62191276F83F624F3D7F612 /* [CP] Copy Pods Resources */ = {
			isa = PBXShellScriptBuildPhase;
			buildActionMask = 2147483647;
			files = (
			);
			inputPaths = (
			);
			name = "[CP] Copy Pods Resources";
			outputPaths = (
			);
			runOnlyForDeploymentPostprocessing = 0;
			shellPath = /bin/sh;
			shellScript = "\"${SRCROOT}/Pods/Target Support Files/Pods-Soulcast/Pods-Soulcast-resources.sh\"\n";
			showEnvVarsInLog = 0;
		};
		D5D9A66464E38539993388A2 /* [CP] Embed Pods Frameworks */ = {
			isa = PBXShellScriptBuildPhase;
			buildActionMask = 2147483647;
			files = (
			);
			inputPaths = (
			);
			name = "[CP] Embed Pods Frameworks";
			outputPaths = (
			);
			runOnlyForDeploymentPostprocessing = 0;
			shellPath = /bin/sh;
			shellScript = "\"${SRCROOT}/Pods/Target Support Files/Pods-Soulcast/Pods-Soulcast-frameworks.sh\"\n";
			showEnvVarsInLog = 0;
		};
/* End PBXShellScriptBuildPhase section */

/* Begin PBXSourcesBuildPhase section */
		BDB8F4841D6B938200E4C7E0 /* Sources */ = {
			isa = PBXSourcesBuildPhase;
			buildActionMask = 2147483647;
			files = (
				BDB8F4BF1D6BB4DC00E4C7E0 /* OutgoingVC.swift in Sources */,
				BD7D19BF1D8C5430008B563F /* ImproveVC.swift in Sources */,
				BD0DBF141D7CBA3B00FBBD17 /* MockingVC.swift in Sources */,
				BD0DBF1B1D7CD9C700FBBD17 /* OnboardingVC.swift in Sources */,
				BD1551491D764B9D0093CA2F /* ServerFacade.swift in Sources */,
				BD22B7C51DD7E65D0068532F /* ImproveButton.swift in Sources */,
				BDB8F49E1D6BA60300E4C7E0 /* MainVC.swift in Sources */,
				BDB5CC1A1DDED10100740EF4 /* HistoryVC.swift in Sources */,
				BD15511F1D74D1580093CA2F /* SoulQueue.swift in Sources */,
				BDB8F4A51D6BA7D100E4C7E0 /* MapVC.swift in Sources */,
				BD0078851D888FA80088939A /* RadiusExplainerView.swift in Sources */,
				BD1551231D76119F0093CA2F /* SoulPlayerTests.swift in Sources */,
				BDB8F4BB1D6BB0B600E4C7E0 /* SoulCaster.swift in Sources */,
				BDB8F4AC1D6BA7E700E4C7E0 /* SoulConstants.swift in Sources */,
				BDB8F48C1D6B938200E4C7E0 /* AppDelegate.swift in Sources */,
				BDB8F4B21D6BA80E00E4C7E0 /* SoulPlayer.swift in Sources */,
				BDB8F4AA1D6BA7E000E4C7E0 /* Device.swift in Sources */,
				BDB5CC1C1DDED2F600740EF4 /* MainCoordinator.swift in Sources */,
				BDB8F4BD1D6BB0BB00E4C7E0 /* SoulCatcher.swift in Sources */,
				BD0DBF1F1D7CE51600FBBD17 /* PermissionVC.swift in Sources */,
				34D8B8081D8B464A003083F5 /* RecordButton.swift in Sources */,
				BDF478D31D826F3C004F6CAA /* TimeAgo.swift in Sources */,
				BD2BE1281DB948F600387190 /* PermissionController.swift in Sources */,
				BD0DBF1D1D7CDA7700FBBD17 /* JKPageViewController.swift in Sources */,
				BDB8F4B41D6BA82700E4C7E0 /* SwiftJK.swift in Sources */,
				BD1551271D7611CE0093CA2F /* SoulCatcherTests.swift in Sources */,
				BDF478CE1D826EE3004F6CAA /* IncomingCollectionVC.swift in Sources */,
				BD0DBF161D7CBB7300FBBD17 /* put.swift in Sources */,
				BD0DBF181D7CBD8A00FBBD17 /* DepressingButton.swift in Sources */,
				BD1551251D7611C30093CA2F /* SoulCasterTests.swift in Sources */,
				BDF478D11D826EE3004F6CAA /* IncomingQueue.swift in Sources */,
				BD67CA321D83B3D40092ABF3 /* Receptionist.swift in Sources */,
				BDB8F4B61D6BA8DA00E4C7E0 /* Soul.swift in Sources */,
				BDB8F4A91D6BA7E000E4C7E0 /* DeviceManager.swift in Sources */,
				BD1551211D76118C0093CA2F /* SoulRecorderTests.swift in Sources */,
				BD22E76D1DE1041600C79E33 /* PushHandler.swift in Sources */,
				BDB8F4B11D6BA80E00E4C7E0 /* SoulRecorder.swift in Sources */,
				BDF478D51D836E61004F6CAA /* IntegrationTestButton.swift in Sources */,
				BDD072F21DE10807008EDF4E /* LaunchHelper.swift in Sources */,
				BDD072F51DE112BD008EDF4E /* HistoryDataSource.swift in Sources */,
				BD0DBF261D7E24C200FBBD17 /* LocationPermissionVC.swift in Sources */,
				BDF478D01D826EE3004F6CAA /* IncomingCollectionCell.swift in Sources */,
				BD0078821D88865E0088939A /* NumberOfDevicesLabel.swift in Sources */,
				BDCE02B51DB2CD8F00D3D0CF /* EulaVC.swift in Sources */,
				BDB8F4A01D6BA6B400E4C7E0 /* SoulTests.swift in Sources */,
				BDF478CF1D826EE3004F6CAA /* IncomingCollectionFlowLayout.swift in Sources */,
			);
			runOnlyForDeploymentPostprocessing = 0;
		};
/* End PBXSourcesBuildPhase section */

/* Begin PBXVariantGroup section */
		BDB8F4941D6B938200E4C7E0 /* LaunchScreen.storyboard */ = {
			isa = PBXVariantGroup;
			children = (
				BDB8F4951D6B938200E4C7E0 /* Base */,
			);
			name = LaunchScreen.storyboard;
			sourceTree = "<group>";
		};
/* End PBXVariantGroup section */

/* Begin XCBuildConfiguration section */
		BDB8F4981D6B938200E4C7E0 /* Debug */ = {
			isa = XCBuildConfiguration;
			buildSettings = {
				ALWAYS_SEARCH_USER_PATHS = NO;
				CLANG_ANALYZER_NONNULL = YES;
				CLANG_CXX_LANGUAGE_STANDARD = "gnu++0x";
				CLANG_CXX_LIBRARY = "libc++";
				CLANG_ENABLE_MODULES = YES;
				CLANG_ENABLE_OBJC_ARC = YES;
				CLANG_WARN_BOOL_CONVERSION = YES;
				CLANG_WARN_CONSTANT_CONVERSION = YES;
				CLANG_WARN_DIRECT_OBJC_ISA_USAGE = YES_ERROR;
				CLANG_WARN_EMPTY_BODY = YES;
				CLANG_WARN_ENUM_CONVERSION = YES;
				CLANG_WARN_INFINITE_RECURSION = YES;
				CLANG_WARN_INT_CONVERSION = YES;
				CLANG_WARN_OBJC_ROOT_CLASS = YES_ERROR;
				CLANG_WARN_SUSPICIOUS_MOVE = YES;
				CLANG_WARN_UNREACHABLE_CODE = YES;
				CLANG_WARN__DUPLICATE_METHOD_MATCH = YES;
				"CODE_SIGN_IDENTITY[sdk=iphoneos*]" = "iPhone Developer";
				COPY_PHASE_STRIP = NO;
				DEBUG_INFORMATION_FORMAT = dwarf;
				ENABLE_STRICT_OBJC_MSGSEND = YES;
				ENABLE_TESTABILITY = YES;
				GCC_C_LANGUAGE_STANDARD = gnu99;
				GCC_DYNAMIC_NO_PIC = NO;
				GCC_NO_COMMON_BLOCKS = YES;
				GCC_OPTIMIZATION_LEVEL = 0;
				GCC_PREPROCESSOR_DEFINITIONS = (
					"DEBUG=1",
					"$(inherited)",
				);
				GCC_WARN_64_TO_32_BIT_CONVERSION = YES;
				GCC_WARN_ABOUT_RETURN_TYPE = YES_ERROR;
				GCC_WARN_UNDECLARED_SELECTOR = YES;
				GCC_WARN_UNINITIALIZED_AUTOS = YES_AGGRESSIVE;
				GCC_WARN_UNUSED_FUNCTION = YES;
				GCC_WARN_UNUSED_VARIABLE = YES;
				IPHONEOS_DEPLOYMENT_TARGET = 9.3;
				MTL_ENABLE_DEBUG_INFO = YES;
				ONLY_ACTIVE_ARCH = YES;
				SDKROOT = iphoneos;
				SWIFT_OPTIMIZATION_LEVEL = "-Onone";
			};
			name = Debug;
		};
		BDB8F4991D6B938200E4C7E0 /* Release */ = {
			isa = XCBuildConfiguration;
			buildSettings = {
				ALWAYS_SEARCH_USER_PATHS = NO;
				CLANG_ANALYZER_NONNULL = YES;
				CLANG_CXX_LANGUAGE_STANDARD = "gnu++0x";
				CLANG_CXX_LIBRARY = "libc++";
				CLANG_ENABLE_MODULES = YES;
				CLANG_ENABLE_OBJC_ARC = YES;
				CLANG_WARN_BOOL_CONVERSION = YES;
				CLANG_WARN_CONSTANT_CONVERSION = YES;
				CLANG_WARN_DIRECT_OBJC_ISA_USAGE = YES_ERROR;
				CLANG_WARN_EMPTY_BODY = YES;
				CLANG_WARN_ENUM_CONVERSION = YES;
				CLANG_WARN_INFINITE_RECURSION = YES;
				CLANG_WARN_INT_CONVERSION = YES;
				CLANG_WARN_OBJC_ROOT_CLASS = YES_ERROR;
				CLANG_WARN_SUSPICIOUS_MOVE = YES;
				CLANG_WARN_UNREACHABLE_CODE = YES;
				CLANG_WARN__DUPLICATE_METHOD_MATCH = YES;
				"CODE_SIGN_IDENTITY[sdk=iphoneos*]" = "iPhone Developer";
				COPY_PHASE_STRIP = NO;
				DEBUG_INFORMATION_FORMAT = "dwarf-with-dsym";
				ENABLE_NS_ASSERTIONS = NO;
				ENABLE_STRICT_OBJC_MSGSEND = YES;
				GCC_C_LANGUAGE_STANDARD = gnu99;
				GCC_NO_COMMON_BLOCKS = YES;
				GCC_WARN_64_TO_32_BIT_CONVERSION = YES;
				GCC_WARN_ABOUT_RETURN_TYPE = YES_ERROR;
				GCC_WARN_UNDECLARED_SELECTOR = YES;
				GCC_WARN_UNINITIALIZED_AUTOS = YES_AGGRESSIVE;
				GCC_WARN_UNUSED_FUNCTION = YES;
				GCC_WARN_UNUSED_VARIABLE = YES;
				IPHONEOS_DEPLOYMENT_TARGET = 9.3;
				MTL_ENABLE_DEBUG_INFO = NO;
				SDKROOT = iphoneos;
				SWIFT_OPTIMIZATION_LEVEL = "-Owholemodule";
				VALIDATE_PRODUCT = YES;
			};
			name = Release;
		};
		BDB8F49B1D6B938200E4C7E0 /* Debug */ = {
			isa = XCBuildConfiguration;
			baseConfigurationReference = 91C980E6402B4D4FFB23ED92 /* Pods-Soulcast.debug.xcconfig */;
			buildSettings = {
				ALWAYS_EMBED_SWIFT_STANDARD_LIBRARIES = YES;
				ASSETCATALOG_COMPILER_APPICON_NAME = AppIcon;
				CODE_SIGN_ENTITLEMENTS = Soulcast/Soulcast.entitlements;
				CODE_SIGN_IDENTITY = "iPhone Developer";
				"CODE_SIGN_IDENTITY[sdk=iphoneos*]" = "iPhone Developer";
				DEVELOPMENT_TEAM = "";
				INFOPLIST_FILE = Soulcast/Info.plist;
				LD_RUNPATH_SEARCH_PATHS = "$(inherited) @executable_path/Frameworks";
				PRODUCT_BUNDLE_IDENTIFIER = ml.soulcast.app;
				PRODUCT_NAME = "$(TARGET_NAME)";
				PROVISIONING_PROFILE = "";
				PROVISIONING_PROFILE_SPECIFIER = "";
				SWIFT_VERSION = 2.3;
			};
			name = Debug;
		};
		BDB8F49C1D6B938200E4C7E0 /* Release */ = {
			isa = XCBuildConfiguration;
			baseConfigurationReference = 603494C3AA1D964B0DE8F762 /* Pods-Soulcast.release.xcconfig */;
			buildSettings = {
				ALWAYS_EMBED_SWIFT_STANDARD_LIBRARIES = YES;
				ASSETCATALOG_COMPILER_APPICON_NAME = AppIcon;
				CODE_SIGN_ENTITLEMENTS = Soulcast/Soulcast.entitlements;
				CODE_SIGN_IDENTITY = "iPhone Developer";
				"CODE_SIGN_IDENTITY[sdk=iphoneos*]" = "iPhone Developer";
				DEVELOPMENT_TEAM = "";
				INFOPLIST_FILE = Soulcast/Info.plist;
				LD_RUNPATH_SEARCH_PATHS = "$(inherited) @executable_path/Frameworks";
				PRODUCT_BUNDLE_IDENTIFIER = ml.soulcast.app;
				PRODUCT_NAME = "$(TARGET_NAME)";
				PROVISIONING_PROFILE = "";
				PROVISIONING_PROFILE_SPECIFIER = "";
				SWIFT_VERSION = 2.3;
			};
			name = Release;
		};
/* End XCBuildConfiguration section */

/* Begin XCConfigurationList section */
		BDB8F4831D6B938200E4C7E0 /* Build configuration list for PBXProject "Soulcast" */ = {
			isa = XCConfigurationList;
			buildConfigurations = (
				BDB8F4981D6B938200E4C7E0 /* Debug */,
				BDB8F4991D6B938200E4C7E0 /* Release */,
			);
			defaultConfigurationIsVisible = 0;
			defaultConfigurationName = Release;
		};
		BDB8F49A1D6B938200E4C7E0 /* Build configuration list for PBXNativeTarget "Soulcast" */ = {
			isa = XCConfigurationList;
			buildConfigurations = (
				BDB8F49B1D6B938200E4C7E0 /* Debug */,
				BDB8F49C1D6B938200E4C7E0 /* Release */,
			);
			defaultConfigurationIsVisible = 0;
			defaultConfigurationName = Release;
		};
/* End XCConfigurationList section */
	};
	rootObject = BDB8F4801D6B938200E4C7E0 /* Project object */;
}
