PODS:
  - Alamofire (3.5.1)
  - AWSCognito (2.4.11):
    - AWSCore (= 2.4.11)
  - AWSCore (2.4.11)
  - AWSS3 (2.4.11):
    - AWSCore (= 2.4.11)
  - AWSSNS (2.4.11):
    - AWSCore (= 2.4.11)
  - TheAmazingAudioEngine (1.5.6)

DEPENDENCIES:
  - Alamofire (~> 3.5)
  - AWSCognito
  - AWSS3
  - AWSSNS
  - TheAmazingAudioEngine

SPEC CHECKSUMS:
  Alamofire: 0dfba1184a543e2aa160f4e39cac4e8aba48d223
  AWSCognito: e086ad6f499e309dbf0030170cffc65a0bfd27c6
  AWSCore: e66b0f50d68f9897cc9e68471062f0cb5379eec5
  AWSS3: 2f90735901744687eaeb91621fa62ee921db6510
  AWSSNS: 6844814ce167da813e213a4d3f8f0e6c45ae3bed
  TheAmazingAudioEngine: 0ed8c05486646373a48b22a341d31de42d1af2c3

PODFILE CHECKSUM: 7e5e45efbc9e23ea13de9fa537f8ebe4131f17da

COCOAPODS: 1.1.1
