PODS:
  - Alamofire (4.2.0)
  - AudioKit (3.5)
  - AWSCognito (2.4.16):
    - AWSCore (= 2.4.16)
  - AWSCore (2.4.16)
  - AWSS3 (2.4.16):
    - AWSCore (= 2.4.16)
  - AWSSNS (2.4.16):
    - AWSCore (= 2.4.16)

DEPENDENCIES:
  - Alamofire
  - AudioKit
  - AWSCognito
  - AWSS3
  - AWSSNS

SPEC CHECKSUMS:
  Alamofire: aa2e09d871c9160ac53c90e83c68064a94e3dfbe
  AudioKit: 775885f735260c25f4f2c3c0601e79ae49900831
  AWSCognito: 666dba6eb65ac27faad79e83febf25630913aefc
  AWSCore: 7c3c129991e6387bcbad7132bc3661e7135754db
  AWSS3: fef6aa8f8f625df8f67f1b6574fe761f3a4ddc99
  AWSSNS: f7eb9a5c19410e2a0164febc2cd665831c1cd26c

PODFILE CHECKSUM: 60000b984c152d0b40365fc3f50b1c161d5db33a

COCOAPODS: 1.1.1
