PODS:
  - Alamofire (4.3.0)
  - AWSCognito (2.5.1):
    - AWSCore (= 2.5.1)
  - AWSCore (2.5.1)
  - AWSS3 (2.5.1):
    - AWSCore (= 2.5.1)
  - AWSSNS (2.5.1):
    - AWSCore (= 2.5.1)
  - TheAmazingAudioEngine (1.5.8)

DEPENDENCIES:
  - Alamofire
  - AWSCognito
  - AWSS3
  - AWSSNS
  - TheAmazingAudioEngine

SPEC CHECKSUMS:
  Alamofire: 856a113053a7bc9cbe5d6367a555d773fc5cfef7
  AWSCognito: 0550a19816fccbb35191d1ed710e75c070e2cbe6
  AWSCore: 71ca929a42c68ca7d645fcfa1e41ea0ff792a275
  AWSS3: d45eaab964b731853bd20c681c0d6f0a99408305
  AWSSNS: 417b51bd7d0f3160310fc6724924307969f35b69
  TheAmazingAudioEngine: 24e382d9468283bb1b3f08df29b514aa522ef4fd

PODFILE CHECKSUM: 96412eb92d87aa3a610e494aeb5e6eb75e352990

COCOAPODS: 1.1.1
